
Microsoft Visual Studio Solution File, Format Version 11.00
# Visual Studio 2010 Express for Windows Phone
Project("{FAE04EC0-301F-11D3-BF4B-00C04F79EFBC}") = "Podcatcher", "Podcatcher\Podcatcher.csproj", "{75A2BB1F-5E6C-4E38-8218-18582527DD3C}"
EndProject
Global
	GlobalSection(SolutionConfigurationPlatforms) = preSolution
		Debug|Any CPU = Debug|Any CPU
		Release|Any CPU = Release|Any CPU
	EndGlobalSection
	GlobalSection(ProjectConfigurationPlatforms) = postSolution
		{75A2BB1F-5E6C-4E38-8218-18582527DD3C}.Debug|Any CPU.ActiveCfg = Debug|Any CPU
		{75A2BB1F-5E6C-4E38-8218-18582527DD3C}.Debug|Any CPU.Build.0 = Debug|Any CPU
		{75A2BB1F-5E6C-4E38-8218-18582527DD3C}.Debug|Any CPU.Deploy.0 = Debug|Any CPU
		{75A2BB1F-5E6C-4E38-8218-18582527DD3C}.Release|Any CPU.ActiveCfg = Release|Any CPU
		{75A2BB1F-5E6C-4E38-8218-18582527DD3C}.Release|Any CPU.Build.0 = Release|Any CPU
		{75A2BB1F-5E6C-4E38-8218-18582527DD3C}.Release|Any CPU.Deploy.0 = Release|Any CPU
	EndGlobalSection
	GlobalSection(SolutionProperties) = preSolution
		HideSolutionNode = FALSE
	EndGlobalSection
EndGlobal
